
Microsoft Visual Studio Solution File, Format Version 12.00
# Visual Studio Version 16
VisualStudioVersion = 16.0.31911.196
MinimumVisualStudioVersion = 10.0.40219.1
Project("{FAE04EC0-301F-11D3-BF4B-00C04F79EFBC}") = "Lab21", "Lab21\Lab21.csproj", "{399A4D3D-31DE-4761-B856-B8F4688B39BD}"
EndProject
Global
	GlobalSection(SolutionConfigurationPlatforms) = preSolution
		Debug|Any CPU = Debug|Any CPU
		Release|Any CPU = Release|Any CPU
	EndGlobalSection
	GlobalSection(ProjectConfigurationPlatforms) = postSolution
		{399A4D3D-31DE-4761-B856-B8F4688B39BD}.Debug|Any CPU.ActiveCfg = Debug|Any CPU
		{399A4D3D-31DE-4761-B856-B8F4688B39BD}.Debug|Any CPU.Build.0 = Debug|Any CPU
		{399A4D3D-31DE-4761-B856-B8F4688B39BD}.Release|Any CPU.ActiveCfg = Release|Any CPU
		{399A4D3D-31DE-4761-B856-B8F4688B39BD}.Release|Any CPU.Build.0 = Release|Any CPU
	EndGlobalSection
	GlobalSection(SolutionProperties) = preSolution
		HideSolutionNode = FALSE
	EndGlobalSection
	GlobalSection(ExtensibilityGlobals) = postSolution
		SolutionGuid = {49A34D44-27AB-4FFC-B75A-9971F64E9F6A}
	EndGlobalSection
EndGlobal
